{
  "name": "deno_ls_plugin_ts_tsx",
  "version": "0.1.1",
  "lockfileVersion": 1,
  "requires": true,
  "dependencies": {
    "@types/node": {
      "version": "10.17.56",
      "resolved": "https://registry.npmjs.org/@types/node/-/node-10.17.56.tgz",
      "integrity": "sha512-LuAa6t1t0Bfw4CuSR0UITsm1hP17YL+u82kfHGrHUWdhlBtH7sa7jGY5z7glGaIj/WDYDkRtgGd+KCjCzxBW1w==",
      "dev": true
    },
    "typescript": {
      "version": "3.9.9",
      "resolved": "https://registry.npmjs.org/typescript/-/typescript-3.9.9.tgz",
      "integrity": "sha512-kdMjTiekY+z/ubJCATUPlRDl39vXYiMV9iyeMuEuXZh2we6zz80uovNN2WlAxmmdE/Z/YQe+EbOEXB5RHEED3w==",
      "dev": true
    }
  }
}
